
Microsoft Visual Studio Solution File, Format Version 12.00
# Visual Studio 14
VisualStudioVersion = 14.0.23107.0
MinimumVisualStudioVersion = 10.0.40219.1
Project("{E24C65DC-7377-472B-9ABA-BC803B73C61A}") = "Administracion de Proyectos", ".", "{67FB6D17-1682-41E2-812A-C962E47A561B}"
	ProjectSection(WebsiteProperties) = preProject
		TargetFrameworkMoniker = ".NETFramework,Version%3Dv4.5.2"
		Debug.AspNetCompiler.VirtualPath = "/localhost_36863"
		Debug.AspNetCompiler.PhysicalPath = "..\Administracion de Proyectos\"
		Debug.AspNetCompiler.TargetPath = "PrecompiledWeb\localhost_36863\"
		Debug.AspNetCompiler.Updateable = "true"
		Debug.AspNetCompiler.ForceOverwrite = "true"
		Debug.AspNetCompiler.FixedNames = "false"
		Debug.AspNetCompiler.Debug = "True"
		Release.AspNetCompiler.VirtualPath = "/localhost_36863"
		Release.AspNetCompiler.PhysicalPath = "..\Administracion de Proyectos\"
		Release.AspNetCompiler.TargetPath = "PrecompiledWeb\localhost_36863\"
		Release.AspNetCompiler.Updateable = "true"
		Release.AspNetCompiler.ForceOverwrite = "true"
		Release.AspNetCompiler.FixedNames = "false"
		Release.AspNetCompiler.Debug = "False"
		VWDPort = "36863"
		SlnRelativePath = "..\Administracion de Proyectos\"
	EndProjectSection
EndProject
Project("{E24C65DC-7377-472B-9ABA-BC803B73C61A}") = "Clase 5 - Sitio Web con WebForms ABML de Productos en DBFacturacion - WebSite3", "..\..\..\4º Año\Programacion de aplicaciones Distribuidas\Ejemplos en Clases\Clase 5 - Sitio Web con WebForms ABML de Productos en DBFacturacion - WebSite3\", "{E9F40B66-A826-4032-9F00-DFE67137298E}"
	ProjectSection(WebsiteProperties) = preProject
		TargetFrameworkMoniker = ".NETFramework,Version%3Dv4.5.2"
		Debug.AspNetCompiler.VirtualPath = "/localhost_41058"
		Debug.AspNetCompiler.PhysicalPath = "..\..\..\4º Año\Programacion de aplicaciones Distribuidas\Ejemplos en Clases\Clase 5 - Sitio Web con WebForms ABML de Productos en DBFacturacion - WebSite3\"
		Debug.AspNetCompiler.TargetPath = "PrecompiledWeb\localhost_41058\"
		Debug.AspNetCompiler.Updateable = "true"
		Debug.AspNetCompiler.ForceOverwrite = "true"
		Debug.AspNetCompiler.FixedNames = "false"
		Debug.AspNetCompiler.Debug = "True"
		Release.AspNetCompiler.VirtualPath = "/localhost_41058"
		Release.AspNetCompiler.PhysicalPath = "..\..\..\4º Año\Programacion de aplicaciones Distribuidas\Ejemplos en Clases\Clase 5 - Sitio Web con WebForms ABML de Productos en DBFacturacion - WebSite3\"
		Release.AspNetCompiler.TargetPath = "PrecompiledWeb\localhost_41058\"
		Release.AspNetCompiler.Updateable = "true"
		Release.AspNetCompiler.ForceOverwrite = "true"
		Release.AspNetCompiler.FixedNames = "false"
		Release.AspNetCompiler.Debug = "False"
		VWDPort = "41058"
		SlnRelativePath = "..\..\..\4º Año\Programacion de aplicaciones Distribuidas\Ejemplos en Clases\Clase 5 - Sitio Web con WebForms ABML de Productos en DBFacturacion - WebSite3\"
	EndProjectSection
EndProject
Global
	GlobalSection(SolutionConfigurationPlatforms) = preSolution
		Debug|Any CPU = Debug|Any CPU
	EndGlobalSection
	GlobalSection(ProjectConfigurationPlatforms) = postSolution
		{67FB6D17-1682-41E2-812A-C962E47A561B}.Debug|Any CPU.ActiveCfg = Debug|Any CPU
		{67FB6D17-1682-41E2-812A-C962E47A561B}.Debug|Any CPU.Build.0 = Debug|Any CPU
		{E9F40B66-A826-4032-9F00-DFE67137298E}.Debug|Any CPU.ActiveCfg = Debug|Any CPU
		{E9F40B66-A826-4032-9F00-DFE67137298E}.Debug|Any CPU.Build.0 = Debug|Any CPU
	EndGlobalSection
	GlobalSection(SolutionProperties) = preSolution
		HideSolutionNode = FALSE
	EndGlobalSection
EndGlobal
